{
  "name": "webcat",
  "version": "1.0.0",
  "lockfileVersion": 3,
  "requires": true,
  "packages": {
    "": {
      "name": "webcat",
      "version": "1.0.0",
      "license": "MIT",
      "bin": {
        "webcat": "bin/webcat.mjs"
      },
      "engines": {
        "node": ">=22.0.0"
      }
    }
  }
}
